
Microsoft Visual Studio Solution File, Format Version 12.00
# Visual Studio Version 16
VisualStudioVersion = 16.0.29911.84
MinimumVisualStudioVersion = 10.0.40219.1
Project("{9A19103F-16F7-4668-BE54-9A1E7A4F7556}") = "ScrumTaskBoardProject.Entities", "ScrumTaskBoardProject.Entities\ScrumTaskBoardProject.Entities.csproj", "{9BA78759-C228-4687-B086-5279B4255A1B}"
EndProject
Project("{9A19103F-16F7-4668-BE54-9A1E7A4F7556}") = "ScrumTaskBoardProject.DataAccess", "ScrumTaskBoardProject.DataAccess\ScrumTaskBoardProject.DataAccess.csproj", "{CAC9EF0C-390C-4291-8288-854876C2FFCA}"
EndProject
Project("{9A19103F-16F7-4668-BE54-9A1E7A4F7556}") = "ScrumTaskBoardProject.Business", "ScrumTaskBoardProject.Business\ScrumTaskBoardProject.Business.csproj", "{BE696D79-D42D-4CF5-9505-8DFC9C92F05A}"
EndProject
Project("{FAE04EC0-301F-11D3-BF4B-00C04F79EFBC}") = "ScrumTaskBoardProject.Presentation", "ScrumTaskBoardProject.Presentation\ScrumTaskBoardProject.Presentation.csproj", "{C07B5B83-54D7-4525-9C47-EFBB86C4E8A8}"
EndProject
Project("{FAE04EC0-301F-11D3-BF4B-00C04F79EFBC}") = "ScrumTaskBoardProject.Test", "ScrumTaskBoardProject.Test\ScrumTaskBoardProject.Test.csproj", "{06CDC402-038E-46BC-A4CE-96AB0B5A7F13}"
EndProject
Global
	GlobalSection(SolutionConfigurationPlatforms) = preSolution
		Debug|Any CPU = Debug|Any CPU
		Release|Any CPU = Release|Any CPU
	EndGlobalSection
	GlobalSection(ProjectConfigurationPlatforms) = postSolution
		{9BA78759-C228-4687-B086-5279B4255A1B}.Debug|Any CPU.ActiveCfg = Debug|Any CPU
		{9BA78759-C228-4687-B086-5279B4255A1B}.Debug|Any CPU.Build.0 = Debug|Any CPU
		{9BA78759-C228-4687-B086-5279B4255A1B}.Release|Any CPU.ActiveCfg = Release|Any CPU
		{9BA78759-C228-4687-B086-5279B4255A1B}.Release|Any CPU.Build.0 = Release|Any CPU
		{CAC9EF0C-390C-4291-8288-854876C2FFCA}.Debug|Any CPU.ActiveCfg = Debug|Any CPU
		{CAC9EF0C-390C-4291-8288-854876C2FFCA}.Debug|Any CPU.Build.0 = Debug|Any CPU
		{CAC9EF0C-390C-4291-8288-854876C2FFCA}.Release|Any CPU.ActiveCfg = Release|Any CPU
		{CAC9EF0C-390C-4291-8288-854876C2FFCA}.Release|Any CPU.Build.0 = Release|Any CPU
		{BE696D79-D42D-4CF5-9505-8DFC9C92F05A}.Debug|Any CPU.ActiveCfg = Debug|Any CPU
		{BE696D79-D42D-4CF5-9505-8DFC9C92F05A}.Debug|Any CPU.Build.0 = Debug|Any CPU
		{BE696D79-D42D-4CF5-9505-8DFC9C92F05A}.Release|Any CPU.ActiveCfg = Release|Any CPU
		{BE696D79-D42D-4CF5-9505-8DFC9C92F05A}.Release|Any CPU.Build.0 = Release|Any CPU
		{C07B5B83-54D7-4525-9C47-EFBB86C4E8A8}.Debug|Any CPU.ActiveCfg = Debug|Any CPU
		{C07B5B83-54D7-4525-9C47-EFBB86C4E8A8}.Debug|Any CPU.Build.0 = Debug|Any CPU
		{C07B5B83-54D7-4525-9C47-EFBB86C4E8A8}.Release|Any CPU.ActiveCfg = Release|Any CPU
		{C07B5B83-54D7-4525-9C47-EFBB86C4E8A8}.Release|Any CPU.Build.0 = Release|Any CPU
		{06CDC402-038E-46BC-A4CE-96AB0B5A7F13}.Debug|Any CPU.ActiveCfg = Debug|Any CPU
		{06CDC402-038E-46BC-A4CE-96AB0B5A7F13}.Debug|Any CPU.Build.0 = Debug|Any CPU
		{06CDC402-038E-46BC-A4CE-96AB0B5A7F13}.Release|Any CPU.ActiveCfg = Release|Any CPU
		{06CDC402-038E-46BC-A4CE-96AB0B5A7F13}.Release|Any CPU.Build.0 = Release|Any CPU
	EndGlobalSection
	GlobalSection(SolutionProperties) = preSolution
		HideSolutionNode = FALSE
	EndGlobalSection
	GlobalSection(ExtensibilityGlobals) = postSolution
		SolutionGuid = {5E460FB7-60D8-4609-A240-D5C8519749D0}
	EndGlobalSection
EndGlobal
